
Microsoft Visual Studio Solution File, Format Version 12.00
# Visual Studio Version 16
VisualStudioVersion = 16.0.31515.178
MinimumVisualStudioVersion = 10.0.40219.1
Project("{9A19103F-16F7-4668-BE54-9A1E7A4F7556}") = "AoiSoraShop.Common", "AoiSoraShop.Common\AoiSoraShop.Common.csproj", "{93C7F9B3-68E3-4D58-9364-8F0C2C4B17C5}"
EndProject
Project("{9A19103F-16F7-4668-BE54-9A1E7A4F7556}") = "AoiSoraShop.Model", "AoiSoraShop.Model\AoiSoraShop.Model.csproj", "{BEE5A53D-ADED-40C0-987E-08F83892E9B6}"
EndProject
Project("{9A19103F-16F7-4668-BE54-9A1E7A4F7556}") = "AoiSoraShop.Service", "AoiSoraShop.Service\AoiSoraShop.Service.csproj", "{542AC487-102E-4037-964B-092DAAAEAFE7}"
EndProject
Project("{9A19103F-16F7-4668-BE54-9A1E7A4F7556}") = "AoiSoraShop.Web", "AoiSoraShop.Web\AoiSoraShop.Web.csproj", "{197BAE39-E23D-495D-92AC-BA76EDA8A687}"
EndProject
Project("{FAE04EC0-301F-11D3-BF4B-00C04F79EFBC}") = "AoiSoraShop.Data", "AoiSoraShop.Data\AoiSoraShop.Data.csproj", "{4A9D3741-B0DB-4A78-A039-B64C9A67F247}"
EndProject
Global
	GlobalSection(SolutionConfigurationPlatforms) = preSolution
		Debug|Any CPU = Debug|Any CPU
		Release|Any CPU = Release|Any CPU
	EndGlobalSection
	GlobalSection(ProjectConfigurationPlatforms) = postSolution
		{93C7F9B3-68E3-4D58-9364-8F0C2C4B17C5}.Debug|Any CPU.ActiveCfg = Debug|Any CPU
		{93C7F9B3-68E3-4D58-9364-8F0C2C4B17C5}.Debug|Any CPU.Build.0 = Debug|Any CPU
		{93C7F9B3-68E3-4D58-9364-8F0C2C4B17C5}.Release|Any CPU.ActiveCfg = Release|Any CPU
		{93C7F9B3-68E3-4D58-9364-8F0C2C4B17C5}.Release|Any CPU.Build.0 = Release|Any CPU
		{BEE5A53D-ADED-40C0-987E-08F83892E9B6}.Debug|Any CPU.ActiveCfg = Debug|Any CPU
		{BEE5A53D-ADED-40C0-987E-08F83892E9B6}.Debug|Any CPU.Build.0 = Debug|Any CPU
		{BEE5A53D-ADED-40C0-987E-08F83892E9B6}.Release|Any CPU.ActiveCfg = Release|Any CPU
		{BEE5A53D-ADED-40C0-987E-08F83892E9B6}.Release|Any CPU.Build.0 = Release|Any CPU
		{542AC487-102E-4037-964B-092DAAAEAFE7}.Debug|Any CPU.ActiveCfg = Debug|Any CPU
		{542AC487-102E-4037-964B-092DAAAEAFE7}.Debug|Any CPU.Build.0 = Debug|Any CPU
		{542AC487-102E-4037-964B-092DAAAEAFE7}.Release|Any CPU.ActiveCfg = Release|Any CPU
		{542AC487-102E-4037-964B-092DAAAEAFE7}.Release|Any CPU.Build.0 = Release|Any CPU
		{197BAE39-E23D-495D-92AC-BA76EDA8A687}.Debug|Any CPU.ActiveCfg = Debug|Any CPU
		{197BAE39-E23D-495D-92AC-BA76EDA8A687}.Debug|Any CPU.Build.0 = Debug|Any CPU
		{197BAE39-E23D-495D-92AC-BA76EDA8A687}.Release|Any CPU.ActiveCfg = Release|Any CPU
		{197BAE39-E23D-495D-92AC-BA76EDA8A687}.Release|Any CPU.Build.0 = Release|Any CPU
		{4A9D3741-B0DB-4A78-A039-B64C9A67F247}.Debug|Any CPU.ActiveCfg = Debug|Any CPU
		{4A9D3741-B0DB-4A78-A039-B64C9A67F247}.Debug|Any CPU.Build.0 = Debug|Any CPU
		{4A9D3741-B0DB-4A78-A039-B64C9A67F247}.Release|Any CPU.ActiveCfg = Release|Any CPU
		{4A9D3741-B0DB-4A78-A039-B64C9A67F247}.Release|Any CPU.Build.0 = Release|Any CPU
	EndGlobalSection
	GlobalSection(SolutionProperties) = preSolution
		HideSolutionNode = FALSE
	EndGlobalSection
	GlobalSection(ExtensibilityGlobals) = postSolution
		SolutionGuid = {DD61DD7A-C01D-4AFF-A4FA-9049A4A099AB}
	EndGlobalSection
EndGlobal
